
Microsoft Visual Studio Solution File, Format Version 12.00
# Visual Studio Version 17
VisualStudioVersion = 17.5.002.0
MinimumVisualStudioVersion = 10.0.40219.1
Project("{9A19103F-16F7-4668-BE54-9A1E7A4F7556}") = "BetsApi", "BetsApi.csproj", "{55DCD820-9191-4DA5-9650-A7931E7801E9}"
EndProject
Global
	GlobalSection(SolutionConfigurationPlatforms) = preSolution
		Debug|Any CPU = Debug|Any CPU
		Release|Any CPU = Release|Any CPU
	EndGlobalSection
	GlobalSection(ProjectConfigurationPlatforms) = postSolution
		{55DCD820-9191-4DA5-9650-A7931E7801E9}.Debug|Any CPU.ActiveCfg = Debug|Any CPU
		{55DCD820-9191-4DA5-9650-A7931E7801E9}.Debug|Any CPU.Build.0 = Debug|Any CPU
		{55DCD820-9191-4DA5-9650-A7931E7801E9}.Release|Any CPU.ActiveCfg = Release|Any CPU
		{55DCD820-9191-4DA5-9650-A7931E7801E9}.Release|Any CPU.Build.0 = Release|Any CPU
	EndGlobalSection
	GlobalSection(SolutionProperties) = preSolution
		HideSolutionNode = FALSE
	EndGlobalSection
	GlobalSection(ExtensibilityGlobals) = postSolution
		SolutionGuid = {DAD1F95A-3619-4D62-9398-6640D9910087}
	EndGlobalSection
EndGlobal
